PODS:
  - MRVTPKit (0.4.2):
    - MRVTPKit/common (= 0.4.2)
    - MRVTPKit/core (= 0.4.2)
    - MRVTPKit/sample (= 0.4.2)
  - MRVTPKit/common (0.4.2)
  - MRVTPKit/core (0.4.2)
  - MRVTPKit/sample (0.4.2)

DEPENDENCIES:
  - MRVTPKit (from `../`)

EXTERNAL SOURCES:
  MRVTPKit:
    :path: "../"

SPEC CHECKSUMS:
  MRVTPKit: 2248b286bc3f4760629fe25832127fe2a3caf485

PODFILE CHECKSUM: 1a8e83e7716f34d4489bacc4aaa4378c647f63c9

COCOAPODS: 1.11.2
